
Microsoft Visual Studio Solution File, Format Version 12.00
# Visual Studio Version 17
VisualStudioVersion = 17.1.32414.318
MinimumVisualStudioVersion = 10.0.40219.1
Project("{54A90642-561A-4BB1-A94E-469ADEE60C69}") = "angularApp", "angularApp\angularApp.esproj", "{8888C0F5-5288-450B-8057-57AAC730AC63}"
EndProject
Project("{FAE04EC0-301F-11D3-BF4B-00C04F79EFBC}") = "dotnNetCoreApp", "dotnNetCoreApp\dotnNetCoreApp.csproj", "{05C5DC64-6D3D-4C10-A499-7F4EAEB23621}"
EndProject
Global
	GlobalSection(SolutionConfigurationPlatforms) = preSolution
		Debug|Any CPU = Debug|Any CPU
		Release|Any CPU = Release|Any CPU
	EndGlobalSection
	GlobalSection(ProjectConfigurationPlatforms) = postSolution
		{8888C0F5-5288-450B-8057-57AAC730AC63}.Debug|Any CPU.ActiveCfg = Debug|Any CPU
		{8888C0F5-5288-450B-8057-57AAC730AC63}.Debug|Any CPU.Build.0 = Debug|Any CPU
		{8888C0F5-5288-450B-8057-57AAC730AC63}.Debug|Any CPU.Deploy.0 = Debug|Any CPU
		{8888C0F5-5288-450B-8057-57AAC730AC63}.Release|Any CPU.ActiveCfg = Release|Any CPU
		{8888C0F5-5288-450B-8057-57AAC730AC63}.Release|Any CPU.Build.0 = Release|Any CPU
		{8888C0F5-5288-450B-8057-57AAC730AC63}.Release|Any CPU.Deploy.0 = Release|Any CPU
		{05C5DC64-6D3D-4C10-A499-7F4EAEB23621}.Debug|Any CPU.ActiveCfg = Debug|Any CPU
		{05C5DC64-6D3D-4C10-A499-7F4EAEB23621}.Debug|Any CPU.Build.0 = Debug|Any CPU
		{05C5DC64-6D3D-4C10-A499-7F4EAEB23621}.Release|Any CPU.ActiveCfg = Release|Any CPU
		{05C5DC64-6D3D-4C10-A499-7F4EAEB23621}.Release|Any CPU.Build.0 = Release|Any CPU
	EndGlobalSection
	GlobalSection(SolutionProperties) = preSolution
		HideSolutionNode = FALSE
	EndGlobalSection
	GlobalSection(ExtensibilityGlobals) = postSolution
		SolutionGuid = {DFEB7F97-831C-4C55-86DF-5F8A4CDB8D8F}
	EndGlobalSection
EndGlobal
